// !$*UTF8*$!
{
	archiveVersion = 1;
	classes = {
	};
	objectVersion = 51;
	objects = {

/* Begin PBXBuildFile section */
		3A4D1C477A60281A13F2AADD /* Pods_ios_analysis_integration.framework in Frameworks */ = {isa = PBXBuildFile; fileRef = F75227A674FEDEDB8C9AC170 /* Pods_ios_analysis_integration.framework */; };
		C3E6D74F25CBDBF9006877C9 /* AppDelegate.swift in Sources */ = {isa = PBXBuildFile; fileRef = C3E6D74E25CBDBF9006877C9 /* AppDelegate.swift */; };
		C3E6D75325CBDBF9006877C9 /* ViewController.swift in Sources */ = {isa = PBXBuildFile; fileRef = C3E6D75225CBDBF9006877C9 /* ViewController.swift */; };
		C3E6D75625CBDBF9006877C9 /* Main.storyboard in Resources */ = {isa = PBXBuildFile; fileRef = C3E6D75425CBDBF9006877C9 /* Main.storyboard */; };
		C3E6D75825CBDBFA006877C9 /* Assets.xcassets in Resources */ = {isa = PBXBuildFile; fileRef = C3E6D75725CBDBFA006877C9 /* Assets.xcassets */; };
		C3E6D75B25CBDBFA006877C9 /* LaunchScreen.storyboard in Resources */ = {isa = PBXBuildFile; fileRef = C3E6D75925CBDBFA006877C9 /* LaunchScreen.storyboard */; };
/* End PBXBuildFile section */

/* Begin PBXCopyFilesBuildPhase section */
		C3E6D76C25CBDE71006877C9 /* Embed Frameworks */ = {
			isa = PBXCopyFilesBuildPhase;
			buildActionMask = 2147483647;
			dstPath = "";
			dstSubfolderSpec = 10;
			files = (
			);
			name = "Embed Frameworks";
			runOnlyForDeploymentPostprocessing = 0;
		};
/* End PBXCopyFilesBuildPhase section */

/* Begin PBXFileReference section */
		0D4CA6530E65650DF959A707 /* Pods-ios-analysis-integration.debug.xcconfig */ = {isa = PBXFileReference; includeInIndex = 1; lastKnownFileType = text.xcconfig; name = "Pods-ios-analysis-integration.debug.xcconfig"; path = "Target Support Files/Pods-ios-analysis-integration/Pods-ios-analysis-integration.debug.xcconfig"; sourceTree = "<group>"; };
		C3E6D74B25CBDBF9006877C9 /* ios-analysis-integration.app */ = {isa = PBXFileReference; explicitFileType = wrapper.application; includeInIndex = 0; path = "ios-analysis-integration.app"; sourceTree = BUILT_PRODUCTS_DIR; };
		C3E6D74E25CBDBF9006877C9 /* AppDelegate.swift */ = {isa = PBXFileReference; lastKnownFileType = sourcecode.swift; path = AppDelegate.swift; sourceTree = "<group>"; };
		C3E6D75225CBDBF9006877C9 /* ViewController.swift */ = {isa = PBXFileReference; lastKnownFileType = sourcecode.swift; path = ViewController.swift; sourceTree = "<group>"; };
		C3E6D75525CBDBF9006877C9 /* Base */ = {isa = PBXFileReference; lastKnownFileType = file.storyboard; name = Base; path = Base.lproj/Main.storyboard; sourceTree = "<group>"; };
		C3E6D75725CBDBFA006877C9 /* Assets.xcassets */ = {isa = PBXFileReference; lastKnownFileType = folder.assetcatalog; path = Assets.xcassets; sourceTree = "<group>"; };
		C3E6D75A25CBDBFA006877C9 /* Base */ = {isa = PBXFileReference; lastKnownFileType = file.storyboard; name = Base; path = Base.lproj/LaunchScreen.storyboard; sourceTree = "<group>"; };
		C3E6D75C25CBDBFA006877C9 /* Info.plist */ = {isa = PBXFileReference; lastKnownFileType = text.plist.xml; path = Info.plist; sourceTree = "<group>"; };
		D2CB7927A4217D292B3AFBC5 /* Pods-ios-analysis-integration.release.xcconfig */ = {isa = PBXFileReference; includeInIndex = 1; lastKnownFileType = text.xcconfig; name = "Pods-ios-analysis-integration.release.xcconfig"; path = "Target Support Files/Pods-ios-analysis-integration/Pods-ios-analysis-integration.release.xcconfig"; sourceTree = "<group>"; };
		F75227A674FEDEDB8C9AC170 /* Pods_ios_analysis_integration.framework */ = {isa = PBXFileReference; explicitFileType = wrapper.framework; includeInIndex = 0; path = Pods_ios_analysis_integration.framework; sourceTree = BUILT_PRODUCTS_DIR; };
/* End PBXFileReference section */

/* Begin PBXFrameworksBuildPhase section */
		C3E6D74825CBDBF9006877C9 /* Frameworks */ = {
			isa = PBXFrameworksBuildPhase;
			buildActionMask = 2147483647;
			files = (
				3A4D1C477A60281A13F2AADD /* Pods_ios_analysis_integration.framework in Frameworks */,
			);
			runOnlyForDeploymentPostprocessing = 0;
		};
/* End PBXFrameworksBuildPhase section */

/* Begin PBXGroup section */
		34BD28EEAC1F28AC4A3C4283 /* Pods */ = {
			isa = PBXGroup;
			children = (
				0D4CA6530E65650DF959A707 /* Pods-ios-analysis-integration.debug.xcconfig */,
				D2CB7927A4217D292B3AFBC5 /* Pods-ios-analysis-integration.release.xcconfig */,
			);
			path = Pods;
			sourceTree = "<group>";
		};
		C3E6D74225CBDBF9006877C9 = {
			isa = PBXGroup;
			children = (
				C3E6D74D25CBDBF9006877C9 /* ios-analysis-integration */,
				C3E6D74C25CBDBF9006877C9 /* Products */,
				C3E6D76925CBDE71006877C9 /* Frameworks */,
				34BD28EEAC1F28AC4A3C4283 /* Pods */,
			);
			sourceTree = "<group>";
		};
		C3E6D74C25CBDBF9006877C9 /* Products */ = {
			isa = PBXGroup;
			children = (
				C3E6D74B25CBDBF9006877C9 /* ios-analysis-integration.app */,
			);
			name = Products;
			sourceTree = "<group>";
		};
		C3E6D74D25CBDBF9006877C9 /* ios-analysis-integration */ = {
			isa = PBXGroup;
			children = (
				C3E6D74E25CBDBF9006877C9 /* AppDelegate.swift */,
				C3E6D75225CBDBF9006877C9 /* ViewController.swift */,
				C3E6D75425CBDBF9006877C9 /* Main.storyboard */,
				C3E6D75725CBDBFA006877C9 /* Assets.xcassets */,
				C3E6D75925CBDBFA006877C9 /* LaunchScreen.storyboard */,
				C3E6D75C25CBDBFA006877C9 /* Info.plist */,
			);
			path = "ios-analysis-integration";
			sourceTree = "<group>";
		};
		C3E6D76925CBDE71006877C9 /* Frameworks */ = {
			isa = PBXGroup;
			children = (
				F75227A674FEDEDB8C9AC170 /* Pods_ios_analysis_integration.framework */,
			);
			name = Frameworks;
			sourceTree = "<group>";
		};
/* End PBXGroup section */

/* Begin PBXNativeTarget section */
		C3E6D74A25CBDBF9006877C9 /* ios-analysis-integration */ = {
			isa = PBXNativeTarget;
			buildConfigurationList = C3E6D75F25CBDBFA006877C9 /* Build configuration list for PBXNativeTarget "ios-analysis-integration" */;
			buildPhases = (
				EC145E81BDE98C81F04BA5E1 /* [CP] Check Pods Manifest.lock */,
				C3E6D74725CBDBF9006877C9 /* Sources */,
				C3E6D74825CBDBF9006877C9 /* Frameworks */,
				C3E6D74925CBDBF9006877C9 /* Resources */,
				C3E6D76C25CBDE71006877C9 /* Embed Frameworks */,
				AD09A7A0D94139BB57225BCE /* [CP] Embed Pods Frameworks */,
			);
			buildRules = (
			);
			dependencies = (
			);
			name = "ios-analysis-integration";
			productName = "ios-analysis-integration";
			productReference = C3E6D74B25CBDBF9006877C9 /* ios-analysis-integration.app */;
			productType = "com.apple.product-type.application";
		};
/* End PBXNativeTarget section */

/* Begin PBXProject section */
		C3E6D74325CBDBF9006877C9 /* Project object */ = {
			isa = PBXProject;
			attributes = {
				LastSwiftUpdateCheck = 1230;
				LastUpgradeCheck = 1230;
				TargetAttributes = {
					C3E6D74A25CBDBF9006877C9 = {
						CreatedOnToolsVersion = 12.3;
					};
				};
			};
			buildConfigurationList = C3E6D74625CBDBF9006877C9 /* Build configuration list for PBXProject "ios-analysis-integration" */;
			compatibilityVersion = "Xcode 9.3";
			developmentRegion = en;
			hasScannedForEncodings = 0;
			knownRegions = (
				en,
				Base,
			);
			mainGroup = C3E6D74225CBDBF9006877C9;
			productRefGroup = C3E6D74C25CBDBF9006877C9 /* Products */;
			projectDirPath = "";
			projectRoot = "";
			targets = (
				C3E6D74A25CBDBF9006877C9 /* ios-analysis-integration */,
			);
		};
/* End PBXProject section */

/* Begin PBXResourcesBuildPhase section */
		C3E6D74925CBDBF9006877C9 /* Resources */ = {
			isa = PBXResourcesBuildPhase;
			buildActionMask = 2147483647;
			files = (
				C3E6D75B25CBDBFA006877C9 /* LaunchScreen.storyboard in Resources */,
				C3E6D75825CBDBFA006877C9 /* Assets.xcassets in Resources */,
				C3E6D75625CBDBF9006877C9 /* Main.storyboard in Resources */,
			);
			runOnlyForDeploymentPostprocessing = 0;
		};
/* End PBXResourcesBuildPhase section */

/* Begin PBXShellScriptBuildPhase section */
		AD09A7A0D94139BB57225BCE /* [CP] Embed Pods Frameworks */ = {
			isa = PBXShellScriptBuildPhase;
			buildActionMask = 2147483647;
			files = (
			);
			inputFileListPaths = (
				"${PODS_ROOT}/Target Support Files/Pods-ios-analysis-integration/Pods-ios-analysis-integration-frameworks-${CONFIGURATION}-input-files.xcfilelist",
			);
			name = "[CP] Embed Pods Frameworks";
			outputFileListPaths = (
				"${PODS_ROOT}/Target Support Files/Pods-ios-analysis-integration/Pods-ios-analysis-integration-frameworks-${CONFIGURATION}-output-files.xcfilelist",
			);
			runOnlyForDeploymentPostprocessing = 0;
			shellPath = /bin/sh;
			shellScript = "\"${PODS_ROOT}/Target Support Files/Pods-ios-analysis-integration/Pods-ios-analysis-integration-frameworks.sh\"\n";
			showEnvVarsInLog = 0;
		};
		EC145E81BDE98C81F04BA5E1 /* [CP] Check Pods Manifest.lock */ = {
			isa = PBXShellScriptBuildPhase;
			buildActionMask = 2147483647;
			files = (
			);
			inputFileListPaths = (
			);
			inputPaths = (
				"${PODS_PODFILE_DIR_PATH}/Podfile.lock",
				"${PODS_ROOT}/Manifest.lock",
			);
			name = "[CP] Check Pods Manifest.lock";
			outputFileListPaths = (
			);
			outputPaths = (
				"$(DERIVED_FILE_DIR)/Pods-ios-analysis-integration-checkManifestLockResult.txt",
			);
			runOnlyForDeploymentPostprocessing = 0;
			shellPath = /bin/sh;
			shellScript = "diff \"${PODS_PODFILE_DIR_PATH}/Podfile.lock\" \"${PODS_ROOT}/Manifest.lock\" > /dev/null\nif [ $? != 0 ] ; then\n    # print error to STDERR\n    echo \"error: The sandbox is not in sync with the Podfile.lock. Run 'pod install' or update your CocoaPods installation.\" >&2\n    exit 1\nfi\n# This output is used by Xcode 'outputs' to avoid re-running this script phase.\necho \"SUCCESS\" > \"${SCRIPT_OUTPUT_FILE_0}\"\n";
			showEnvVarsInLog = 0;
		};
/* End PBXShellScriptBuildPhase section */

/* Begin PBXSourcesBuildPhase section */
		C3E6D74725CBDBF9006877C9 /* Sources */ = {
			isa = PBXSourcesBuildPhase;
			buildActionMask = 2147483647;
			files = (
				C3E6D75325CBDBF9006877C9 /* ViewController.swift in Sources */,
				C3E6D74F25CBDBF9006877C9 /* AppDelegate.swift in Sources */,
			);
			runOnlyForDeploymentPostprocessing = 0;
		};
/* End PBXSourcesBuildPhase section */

/* Begin PBXVariantGroup section */
		C3E6D75425CBDBF9006877C9 /* Main.storyboard */ = {
			isa = PBXVariantGroup;
			children = (
				C3E6D75525CBDBF9006877C9 /* Base */,
			);
			name = Main.storyboard;
			sourceTree = "<group>";
		};
		C3E6D75925CBDBFA006877C9 /* LaunchScreen.storyboard */ = {
			isa = PBXVariantGroup;
			children = (
				C3E6D75A25CBDBFA006877C9 /* Base */,
			);
			name = LaunchScreen.storyboard;
			sourceTree = "<group>";
		};
/* End PBXVariantGroup section */

/* Begin XCBuildConfiguration section */
		C3E6D75D25CBDBFA006877C9 /* Debug */ = {
			isa = XCBuildConfiguration;
			buildSettings = {
				ALWAYS_SEARCH_USER_PATHS = NO;
				CLANG_ANALYZER_NONNULL = YES;
				CLANG_ANALYZER_NUMBER_OBJECT_CONVERSION = YES_AGGRESSIVE;
				CLANG_CXX_LANGUAGE_STANDARD = "gnu++14";
				CLANG_CXX_LIBRARY = "libc++";
				CLANG_ENABLE_MODULES = YES;
				CLANG_ENABLE_OBJC_ARC = YES;
				CLANG_ENABLE_OBJC_WEAK = YES;
				CLANG_WARN_BLOCK_CAPTURE_AUTORELEASING = YES;
				CLANG_WARN_BOOL_CONVERSION = YES;
				CLANG_WARN_COMMA = YES;
				CLANG_WARN_CONSTANT_CONVERSION = YES;
				CLANG_WARN_DEPRECATED_OBJC_IMPLEMENTATIONS = YES;
				CLANG_WARN_DIRECT_OBJC_ISA_USAGE = YES_ERROR;
				CLANG_WARN_DOCUMENTATION_COMMENTS = YES;
				CLANG_WARN_EMPTY_BODY = YES;
				CLANG_WARN_ENUM_CONVERSION = YES;
				CLANG_WARN_INFINITE_RECURSION = YES;
				CLANG_WARN_INT_CONVERSION = YES;
				CLANG_WARN_NON_LITERAL_NULL_CONVERSION = YES;
				CLANG_WARN_OBJC_IMPLICIT_RETAIN_SELF = YES;
				CLANG_WARN_OBJC_LITERAL_CONVERSION = YES;
				CLANG_WARN_OBJC_ROOT_CLASS = YES_ERROR;
				CLANG_WARN_QUOTED_INCLUDE_IN_FRAMEWORK_HEADER = YES;
				CLANG_WARN_RANGE_LOOP_ANALYSIS = YES;
				CLANG_WARN_STRICT_PROTOTYPES = YES;
				CLANG_WARN_SUSPICIOUS_MOVE = YES;
				CLANG_WARN_UNGUARDED_AVAILABILITY = YES_AGGRESSIVE;
				CLANG_WARN_UNREACHABLE_CODE = YES;
				CLANG_WARN__DUPLICATE_METHOD_MATCH = YES;
				COPY_PHASE_STRIP = NO;
				DEBUG_INFORMATION_FORMAT = dwarf;
				ENABLE_STRICT_OBJC_MSGSEND = YES;
				ENABLE_TESTABILITY = YES;
				GCC_C_LANGUAGE_STANDARD = gnu11;
				GCC_DYNAMIC_NO_PIC = NO;
				GCC_NO_COMMON_BLOCKS = YES;
				GCC_OPTIMIZATION_LEVEL = 0;
				GCC_PREPROCESSOR_DEFINITIONS = (
					"DEBUG=1",
					"$(inherited)",
				);
				GCC_WARN_64_TO_32_BIT_CONVERSION = YES;
				GCC_WARN_ABOUT_RETURN_TYPE = YES_ERROR;
				GCC_WARN_UNDECLARED_SELECTOR = YES;
				GCC_WARN_UNINITIALIZED_AUTOS = YES_AGGRESSIVE;
				GCC_WARN_UNUSED_FUNCTION = YES;
				GCC_WARN_UNUSED_VARIABLE = YES;
				IPHONEOS_DEPLOYMENT_TARGET = 14.3;
				MTL_ENABLE_DEBUG_INFO = INCLUDE_SOURCE;
				MTL_FAST_MATH = YES;
				ONLY_ACTIVE_ARCH = YES;
				SDKROOT = iphoneos;
				SWIFT_ACTIVE_COMPILATION_CONDITIONS = DEBUG;
				SWIFT_OPTIMIZATION_LEVEL = "-Onone";
			};
			name = Debug;
		};
		C3E6D75E25CBDBFA006877C9 /* Release */ = {
			isa = XCBuildConfiguration;
			buildSettings = {
				ALWAYS_SEARCH_USER_PATHS = NO;
				CLANG_ANALYZER_NONNULL = YES;
				CLANG_ANALYZER_NUMBER_OBJECT_CONVERSION = YES_AGGRESSIVE;
				CLANG_CXX_LANGUAGE_STANDARD = "gnu++14";
				CLANG_CXX_LIBRARY = "libc++";
				CLANG_ENABLE_MODULES = YES;
				CLANG_ENABLE_OBJC_ARC = YES;
				CLANG_ENABLE_OBJC_WEAK = YES;
				CLANG_WARN_BLOCK_CAPTURE_AUTORELEASING = YES;
				CLANG_WARN_BOOL_CONVERSION = YES;
				CLANG_WARN_COMMA = YES;
				CLANG_WARN_CONSTANT_CONVERSION = YES;
				CLANG_WARN_DEPRECATED_OBJC_IMPLEMENTATIONS = YES;
				CLANG_WARN_DIRECT_OBJC_ISA_USAGE = YES_ERROR;
				CLANG_WARN_DOCUMENTATION_COMMENTS = YES;
				CLANG_WARN_EMPTY_BODY = YES;
				CLANG_WARN_ENUM_CONVERSION = YES;
				CLANG_WARN_INFINITE_RECURSION = YES;
				CLANG_WARN_INT_CONVERSION = YES;
				CLANG_WARN_NON_LITERAL_NULL_CONVERSION = YES;
				CLANG_WARN_OBJC_IMPLICIT_RETAIN_SELF = YES;
				CLANG_WARN_OBJC_LITERAL_CONVERSION = YES;
				CLANG_WARN_OBJC_ROOT_CLASS = YES_ERROR;
				CLANG_WARN_QUOTED_INCLUDE_IN_FRAMEWORK_HEADER = YES;
				CLANG_WARN_RANGE_LOOP_ANALYSIS = YES;
				CLANG_WARN_STRICT_PROTOTYPES = YES;
				CLANG_WARN_SUSPICIOUS_MOVE = YES;
				CLANG_WARN_UNGUARDED_AVAILABILITY = YES_AGGRESSIVE;
				CLANG_WARN_UNREACHABLE_CODE = YES;
				CLANG_WARN__DUPLICATE_METHOD_MATCH = YES;
				COPY_PHASE_STRIP = NO;
				DEBUG_INFORMATION_FORMAT = "dwarf-with-dsym";
				ENABLE_NS_ASSERTIONS = NO;
				ENABLE_STRICT_OBJC_MSGSEND = YES;
				GCC_C_LANGUAGE_STANDARD = gnu11;
				GCC_NO_COMMON_BLOCKS = YES;
				GCC_WARN_64_TO_32_BIT_CONVERSION = YES;
				GCC_WARN_ABOUT_RETURN_TYPE = YES_ERROR;
				GCC_WARN_UNDECLARED_SELECTOR = YES;
				GCC_WARN_UNINITIALIZED_AUTOS = YES_AGGRESSIVE;
				GCC_WARN_UNUSED_FUNCTION = YES;
				GCC_WARN_UNUSED_VARIABLE = YES;
				IPHONEOS_DEPLOYMENT_TARGET = 14.3;
				MTL_ENABLE_DEBUG_INFO = NO;
				MTL_FAST_MATH = YES;
				SDKROOT = iphoneos;
				SWIFT_COMPILATION_MODE = wholemodule;
				SWIFT_OPTIMIZATION_LEVEL = "-O";
				VALIDATE_PRODUCT = YES;
			};
			name = Release;
		};
		C3E6D76025CBDBFA006877C9 /* Debug */ = {
			isa = XCBuildConfiguration;
			baseConfigurationReference = 0D4CA6530E65650DF959A707 /* Pods-ios-analysis-integration.debug.xcconfig */;
			buildSettings = {
				ASSETCATALOG_COMPILER_APPICON_NAME = AppIcon;
				ASSETCATALOG_COMPILER_GLOBAL_ACCENT_COLOR_NAME = AccentColor;
				CODE_SIGN_STYLE = Automatic;
				DEVELOPMENT_TEAM = FKZ5H3494C;
				FRAMEWORK_SEARCH_PATHS = (
					"$(inherited)",
					"$(PROJECT_DIR)",
				);
				INFOPLIST_FILE = "ios-analysis-integration/Info.plist";
				IPHONEOS_DEPLOYMENT_TARGET = 11.0;
				LD_RUNPATH_SEARCH_PATHS = (
					"$(inherited)",
					"@executable_path/Frameworks",
				);
				PRODUCT_BUNDLE_IDENTIFIER = "com.poilabs.ios-analysis-integration";
				PRODUCT_NAME = "$(TARGET_NAME)";
				SWIFT_VERSION = 5.0;
				TARGETED_DEVICE_FAMILY = 1;
			};
			name = Debug;
		};
		C3E6D76125CBDBFA006877C9 /* Release */ = {
			isa = XCBuildConfiguration;
			baseConfigurationReference = D2CB7927A4217D292B3AFBC5 /* Pods-ios-analysis-integration.release.xcconfig */;
			buildSettings = {
				ASSETCATALOG_COMPILER_APPICON_NAME = AppIcon;
				ASSETCATALOG_COMPILER_GLOBAL_ACCENT_COLOR_NAME = AccentColor;
				CODE_SIGN_STYLE = Automatic;
				DEVELOPMENT_TEAM = FKZ5H3494C;
				FRAMEWORK_SEARCH_PATHS = (
					"$(inherited)",
					"$(PROJECT_DIR)",
				);
				INFOPLIST_FILE = "ios-analysis-integration/Info.plist";
				IPHONEOS_DEPLOYMENT_TARGET = 11.0;
				LD_RUNPATH_SEARCH_PATHS = (
					"$(inherited)",
					"@executable_path/Frameworks",
				);
				PRODUCT_BUNDLE_IDENTIFIER = "com.poilabs.ios-analysis-integration";
				PRODUCT_NAME = "$(TARGET_NAME)";
				SWIFT_VERSION = 5.0;
				TARGETED_DEVICE_FAMILY = 1;
			};
			name = Release;
		};
/* End XCBuildConfiguration section */

/* Begin XCConfigurationList section */
		C3E6D74625CBDBF9006877C9 /* Build configuration list for PBXProject "ios-analysis-integration" */ = {
			isa = XCConfigurationList;
			buildConfigurations = (
				C3E6D75D25CBDBFA006877C9 /* Debug */,
				C3E6D75E25CBDBFA006877C9 /* Release */,
			);
			defaultConfigurationIsVisible = 0;
			defaultConfigurationName = Release;
		};
		C3E6D75F25CBDBFA006877C9 /* Build configuration list for PBXNativeTarget "ios-analysis-integration" */ = {
			isa = XCConfigurationList;
			buildConfigurations = (
				C3E6D76025CBDBFA006877C9 /* Debug */,
				C3E6D76125CBDBFA006877C9 /* Release */,
			);
			defaultConfigurationIsVisible = 0;
			defaultConfigurationName = Release;
		};
/* End XCConfigurationList section */
	};
	rootObject = C3E6D74325CBDBF9006877C9 /* Project object */;
}
